
Microsoft Visual Studio Solution File, Format Version 12.00
# Visual Studio Version 17
VisualStudioVersion = 17.6.33723.286
MinimumVisualStudioVersion = 10.0.40219.1
Project("{FAE04EC0-301F-11D3-BF4B-00C04F79EFBC}") = "Entities", "Entities\Entities.csproj", "{EA083E23-ADA7-44E5-A73F-D6506807BA1D}"
EndProject
Project("{FAE04EC0-301F-11D3-BF4B-00C04F79EFBC}") = "Repositories", "Repositories\Repositories.csproj", "{CFA98700-2207-4769-ACFA-9E848CF6F4A4}"
EndProject
Project("{FAE04EC0-301F-11D3-BF4B-00C04F79EFBC}") = "DUPUS_API", "DUPUS_API\DUPUS_API.csproj", "{1531668D-BA9C-43AD-BE75-200E9B6300E1}"
EndProject
Global
	GlobalSection(SolutionConfigurationPlatforms) = preSolution
		Debug|Any CPU = Debug|Any CPU
		Release|Any CPU = Release|Any CPU
	EndGlobalSection
	GlobalSection(ProjectConfigurationPlatforms) = postSolution
		{EA083E23-ADA7-44E5-A73F-D6506807BA1D}.Debug|Any CPU.ActiveCfg = Debug|Any CPU
		{EA083E23-ADA7-44E5-A73F-D6506807BA1D}.Debug|Any CPU.Build.0 = Debug|Any CPU
		{EA083E23-ADA7-44E5-A73F-D6506807BA1D}.Release|Any CPU.ActiveCfg = Release|Any CPU
		{EA083E23-ADA7-44E5-A73F-D6506807BA1D}.Release|Any CPU.Build.0 = Release|Any CPU
		{CFA98700-2207-4769-ACFA-9E848CF6F4A4}.Debug|Any CPU.ActiveCfg = Debug|Any CPU
		{CFA98700-2207-4769-ACFA-9E848CF6F4A4}.Debug|Any CPU.Build.0 = Debug|Any CPU
		{CFA98700-2207-4769-ACFA-9E848CF6F4A4}.Release|Any CPU.ActiveCfg = Release|Any CPU
		{CFA98700-2207-4769-ACFA-9E848CF6F4A4}.Release|Any CPU.Build.0 = Release|Any CPU
		{1531668D-BA9C-43AD-BE75-200E9B6300E1}.Debug|Any CPU.ActiveCfg = Debug|Any CPU
		{1531668D-BA9C-43AD-BE75-200E9B6300E1}.Debug|Any CPU.Build.0 = Debug|Any CPU
		{1531668D-BA9C-43AD-BE75-200E9B6300E1}.Release|Any CPU.ActiveCfg = Release|Any CPU
		{1531668D-BA9C-43AD-BE75-200E9B6300E1}.Release|Any CPU.Build.0 = Release|Any CPU
	EndGlobalSection
	GlobalSection(SolutionProperties) = preSolution
		HideSolutionNode = FALSE
	EndGlobalSection
	GlobalSection(ExtensibilityGlobals) = postSolution
		SolutionGuid = {F7B7F694-4A70-4904-A482-E847CCC24E7E}
	EndGlobalSection
EndGlobal
